
Microsoft Visual Studio Solution File, Format Version 12.00
Project("{FAE04EC0-301F-11D3-BF4B-00C04F79EFBC}") = "TCPChatServer", "TCPChatServer.csproj", "{134C9923-7D8F-4CFB-A7AE-A619E74ECA92}"
EndProject
Project("{FAE04EC0-301F-11D3-BF4B-00C04F79EFBC}") = "TCPChatClient", "..\TCPChatClient\TCPChatClient\TCPChatClient.csproj", "{06E5BF6C-9D8C-41C0-B56E-4180562532E5}"
EndProject
Global
	GlobalSection(SolutionConfigurationPlatforms) = preSolution
		Debug|Any CPU = Debug|Any CPU
		Release|Any CPU = Release|Any CPU
	EndGlobalSection
	GlobalSection(ProjectConfigurationPlatforms) = postSolution
		{134C9923-7D8F-4CFB-A7AE-A619E74ECA92}.Debug|Any CPU.ActiveCfg = Debug|Any CPU
		{134C9923-7D8F-4CFB-A7AE-A619E74ECA92}.Debug|Any CPU.Build.0 = Debug|Any CPU
		{134C9923-7D8F-4CFB-A7AE-A619E74ECA92}.Release|Any CPU.ActiveCfg = Release|Any CPU
		{134C9923-7D8F-4CFB-A7AE-A619E74ECA92}.Release|Any CPU.Build.0 = Release|Any CPU
		{06E5BF6C-9D8C-41C0-B56E-4180562532E5}.Debug|Any CPU.ActiveCfg = Debug|Any CPU
		{06E5BF6C-9D8C-41C0-B56E-4180562532E5}.Debug|Any CPU.Build.0 = Debug|Any CPU
		{06E5BF6C-9D8C-41C0-B56E-4180562532E5}.Release|Any CPU.ActiveCfg = Release|Any CPU
		{06E5BF6C-9D8C-41C0-B56E-4180562532E5}.Release|Any CPU.Build.0 = Release|Any CPU
	EndGlobalSection
EndGlobal
